
Microsoft Visual Studio Solution File, Format Version 12.00
# Visual Studio Version 17
VisualStudioVersion = 17.11.35327.3
MinimumVisualStudioVersion = 10.0.40219.1
Project("{8BC9CEB8-8B4A-11D0-8D11-00A0C91BC942}") = "LabRab4", "LabRab4\LabRab4.vcxproj", "{F346BB58-3EED-4340-8D8F-DA15EC579E8A}"
EndProject
Global
	GlobalSection(SolutionConfigurationPlatforms) = preSolution
		Debug|x64 = Debug|x64
		Debug|x86 = Debug|x86
		Release|x64 = Release|x64
		Release|x86 = Release|x86
	EndGlobalSection
	GlobalSection(ProjectConfigurationPlatforms) = postSolution
		{F346BB58-3EED-4340-8D8F-DA15EC579E8A}.Debug|x64.ActiveCfg = Debug|x64
		{F346BB58-3EED-4340-8D8F-DA15EC579E8A}.Debug|x64.Build.0 = Debug|x64
		{F346BB58-3EED-4340-8D8F-DA15EC579E8A}.Debug|x86.ActiveCfg = Debug|Win32
		{F346BB58-3EED-4340-8D8F-DA15EC579E8A}.Debug|x86.Build.0 = Debug|Win32
		{F346BB58-3EED-4340-8D8F-DA15EC579E8A}.Release|x64.ActiveCfg = Release|x64
		{F346BB58-3EED-4340-8D8F-DA15EC579E8A}.Release|x64.Build.0 = Release|x64
		{F346BB58-3EED-4340-8D8F-DA15EC579E8A}.Release|x86.ActiveCfg = Release|Win32
		{F346BB58-3EED-4340-8D8F-DA15EC579E8A}.Release|x86.Build.0 = Release|Win32
	EndGlobalSection
	GlobalSection(SolutionProperties) = preSolution
		HideSolutionNode = FALSE
	EndGlobalSection
	GlobalSection(ExtensibilityGlobals) = postSolution
		SolutionGuid = {9E7F7087-0FFE-40A4-870D-FDD5CF853D00}
	EndGlobalSection
EndGlobal
